
Microsoft Visual Studio Solution File, Format Version 12.00
# Visual Studio Version 16
VisualStudioVersion = 16.0.30320.27
MinimumVisualStudioVersion = 10.0.40219.1
Project("{9A19103F-16F7-4668-BE54-9A1E7A4F7556}") = "RogueSurvivorMain", "RogueSurvivorMain\RogueSurvivorMain.csproj", "{C636C9E2-BF7B-4B1E-8805-A9237972AE2C}"
EndProject
Project("{9A19103F-16F7-4668-BE54-9A1E7A4F7556}") = "Config", "Config\Config.csproj", "{84198FC5-DB62-4AC0-B692-F91836CE148A}"
EndProject
Project("{9A19103F-16F7-4668-BE54-9A1E7A4F7556}") = "RogueSurvivor.Data", "RogueSurvivor.Data\RogueSurvivor.Data.csproj", "{2EEF55C2-F917-45EE-8B85-07187CE11037}"
EndProject
Project("{FAE04EC0-301F-11D3-BF4B-00C04F79EFBC}") = "RogueSurvivor.Common", "RogueSurvivor.Common\RogueSurvivor.Common.csproj", "{CD4D7121-6DA8-4019-9061-5641E1ADA508}"
EndProject
Global
	GlobalSection(SolutionConfigurationPlatforms) = preSolution
		Debug|Any CPU = Debug|Any CPU
		Debug|x86 = Debug|x86
		Release|Any CPU = Release|Any CPU
		Release|x86 = Release|x86
	EndGlobalSection
	GlobalSection(ProjectConfigurationPlatforms) = postSolution
		{C636C9E2-BF7B-4B1E-8805-A9237972AE2C}.Debug|Any CPU.ActiveCfg = Debug|Any CPU
		{C636C9E2-BF7B-4B1E-8805-A9237972AE2C}.Debug|Any CPU.Build.0 = Debug|Any CPU
		{C636C9E2-BF7B-4B1E-8805-A9237972AE2C}.Debug|x86.ActiveCfg = Debug|x86
		{C636C9E2-BF7B-4B1E-8805-A9237972AE2C}.Debug|x86.Build.0 = Debug|x86
		{C636C9E2-BF7B-4B1E-8805-A9237972AE2C}.Release|Any CPU.ActiveCfg = Release|Any CPU
		{C636C9E2-BF7B-4B1E-8805-A9237972AE2C}.Release|Any CPU.Build.0 = Release|Any CPU
		{C636C9E2-BF7B-4B1E-8805-A9237972AE2C}.Release|x86.ActiveCfg = Release|x86
		{C636C9E2-BF7B-4B1E-8805-A9237972AE2C}.Release|x86.Build.0 = Release|x86
		{84198FC5-DB62-4AC0-B692-F91836CE148A}.Debug|Any CPU.ActiveCfg = Debug|Any CPU
		{84198FC5-DB62-4AC0-B692-F91836CE148A}.Debug|Any CPU.Build.0 = Debug|Any CPU
		{84198FC5-DB62-4AC0-B692-F91836CE148A}.Debug|x86.ActiveCfg = Debug|x86
		{84198FC5-DB62-4AC0-B692-F91836CE148A}.Debug|x86.Build.0 = Debug|x86
		{84198FC5-DB62-4AC0-B692-F91836CE148A}.Release|Any CPU.ActiveCfg = Release|Any CPU
		{84198FC5-DB62-4AC0-B692-F91836CE148A}.Release|Any CPU.Build.0 = Release|Any CPU
		{84198FC5-DB62-4AC0-B692-F91836CE148A}.Release|x86.ActiveCfg = Release|x86
		{84198FC5-DB62-4AC0-B692-F91836CE148A}.Release|x86.Build.0 = Release|x86
		{2EEF55C2-F917-45EE-8B85-07187CE11037}.Debug|Any CPU.ActiveCfg = Debug|Any CPU
		{2EEF55C2-F917-45EE-8B85-07187CE11037}.Debug|Any CPU.Build.0 = Debug|Any CPU
		{2EEF55C2-F917-45EE-8B85-07187CE11037}.Debug|x86.ActiveCfg = Debug|Any CPU
		{2EEF55C2-F917-45EE-8B85-07187CE11037}.Debug|x86.Build.0 = Debug|Any CPU
		{2EEF55C2-F917-45EE-8B85-07187CE11037}.Release|Any CPU.ActiveCfg = Release|Any CPU
		{2EEF55C2-F917-45EE-8B85-07187CE11037}.Release|Any CPU.Build.0 = Release|Any CPU
		{2EEF55C2-F917-45EE-8B85-07187CE11037}.Release|x86.ActiveCfg = Release|Any CPU
		{2EEF55C2-F917-45EE-8B85-07187CE11037}.Release|x86.Build.0 = Release|Any CPU
		{CD4D7121-6DA8-4019-9061-5641E1ADA508}.Debug|Any CPU.ActiveCfg = Debug|Any CPU
		{CD4D7121-6DA8-4019-9061-5641E1ADA508}.Debug|Any CPU.Build.0 = Debug|Any CPU
		{CD4D7121-6DA8-4019-9061-5641E1ADA508}.Debug|x86.ActiveCfg = Debug|Any CPU
		{CD4D7121-6DA8-4019-9061-5641E1ADA508}.Debug|x86.Build.0 = Debug|Any CPU
		{CD4D7121-6DA8-4019-9061-5641E1ADA508}.Release|Any CPU.ActiveCfg = Release|Any CPU
		{CD4D7121-6DA8-4019-9061-5641E1ADA508}.Release|Any CPU.Build.0 = Release|Any CPU
		{CD4D7121-6DA8-4019-9061-5641E1ADA508}.Release|x86.ActiveCfg = Release|Any CPU
		{CD4D7121-6DA8-4019-9061-5641E1ADA508}.Release|x86.Build.0 = Release|Any CPU
	EndGlobalSection
	GlobalSection(SolutionProperties) = preSolution
		HideSolutionNode = FALSE
	EndGlobalSection
	GlobalSection(ExtensibilityGlobals) = postSolution
		SolutionGuid = {5B7018B3-2634-4C36-9D1D-8C5AAB00C34A}
	EndGlobalSection
EndGlobal
